
Microsoft Visual Studio Solution File, Format Version 12.00
# Visual Studio Version 17
VisualStudioVersion = 17.2.32630.192
MinimumVisualStudioVersion = 10.0.40219.1
Project("{FAE04EC0-301F-11D3-BF4B-00C04F79EFBC}") = "ElevadorService", "ElevadorService\ElevadorService.csproj", "{E9323BC3-7624-4685-A396-16F3620DBF83}"
EndProject
Global
	GlobalSection(SolutionConfigurationPlatforms) = preSolution
		Debug|Any CPU = Debug|Any CPU
		Release|Any CPU = Release|Any CPU
	EndGlobalSection
	GlobalSection(ProjectConfigurationPlatforms) = postSolution
		{E9323BC3-7624-4685-A396-16F3620DBF83}.Debug|Any CPU.ActiveCfg = Debug|Any CPU
		{E9323BC3-7624-4685-A396-16F3620DBF83}.Debug|Any CPU.Build.0 = Debug|Any CPU
		{E9323BC3-7624-4685-A396-16F3620DBF83}.Release|Any CPU.ActiveCfg = Release|Any CPU
		{E9323BC3-7624-4685-A396-16F3620DBF83}.Release|Any CPU.Build.0 = Release|Any CPU
	EndGlobalSection
	GlobalSection(SolutionProperties) = preSolution
		HideSolutionNode = FALSE
	EndGlobalSection
	GlobalSection(ExtensibilityGlobals) = postSolution
		SolutionGuid = {B6766F15-7520-4466-AAD3-58CA95F32726}
	EndGlobalSection
EndGlobal
